
Microsoft Visual Studio Solution File, Format Version 12.00
# Visual Studio Version 17
VisualStudioVersion = 17.11.35303.130
MinimumVisualStudioVersion = 10.0.40219.1
Project("{8BC9CEB8-8B4A-11D0-8D11-00A0C91BC942}") = "Task4", "Task4\Task4.vcxproj", "{AF1F7FE1-E680-425A-9928-7DA5A65314EB}"
EndProject
Global
	GlobalSection(SolutionConfigurationPlatforms) = preSolution
		Debug|x64 = Debug|x64
		Debug|x86 = Debug|x86
		Release|x64 = Release|x64
		Release|x86 = Release|x86
	EndGlobalSection
	GlobalSection(ProjectConfigurationPlatforms) = postSolution
		{AF1F7FE1-E680-425A-9928-7DA5A65314EB}.Debug|x64.ActiveCfg = Debug|x64
		{AF1F7FE1-E680-425A-9928-7DA5A65314EB}.Debug|x64.Build.0 = Debug|x64
		{AF1F7FE1-E680-425A-9928-7DA5A65314EB}.Debug|x86.ActiveCfg = Debug|Win32
		{AF1F7FE1-E680-425A-9928-7DA5A65314EB}.Debug|x86.Build.0 = Debug|Win32
		{AF1F7FE1-E680-425A-9928-7DA5A65314EB}.Release|x64.ActiveCfg = Release|x64
		{AF1F7FE1-E680-425A-9928-7DA5A65314EB}.Release|x64.Build.0 = Release|x64
		{AF1F7FE1-E680-425A-9928-7DA5A65314EB}.Release|x86.ActiveCfg = Release|Win32
		{AF1F7FE1-E680-425A-9928-7DA5A65314EB}.Release|x86.Build.0 = Release|Win32
	EndGlobalSection
	GlobalSection(SolutionProperties) = preSolution
		HideSolutionNode = FALSE
	EndGlobalSection
	GlobalSection(ExtensibilityGlobals) = postSolution
		SolutionGuid = {3E8FE76C-9344-446A-B3EC-89348E469F3D}
	EndGlobalSection
EndGlobal
