
Microsoft Visual Studio Solution File, Format Version 12.00
# Visual Studio Version 17
VisualStudioVersion = 17.11.35303.130
MinimumVisualStudioVersion = 10.0.40219.1
Project("{8BC9CEB8-8B4A-11D0-8D11-00A0C91BC942}") = "MiniDomashka1", "MiniDomashka1\MiniDomashka1.vcxproj", "{1E3BC0CC-4483-4E88-BCEA-061529ADE287}"
EndProject
Global
	GlobalSection(SolutionConfigurationPlatforms) = preSolution
		Debug|x64 = Debug|x64
		Debug|x86 = Debug|x86
		Release|x64 = Release|x64
		Release|x86 = Release|x86
	EndGlobalSection
	GlobalSection(ProjectConfigurationPlatforms) = postSolution
		{1E3BC0CC-4483-4E88-BCEA-061529ADE287}.Debug|x64.ActiveCfg = Debug|x64
		{1E3BC0CC-4483-4E88-BCEA-061529ADE287}.Debug|x64.Build.0 = Debug|x64
		{1E3BC0CC-4483-4E88-BCEA-061529ADE287}.Debug|x86.ActiveCfg = Debug|Win32
		{1E3BC0CC-4483-4E88-BCEA-061529ADE287}.Debug|x86.Build.0 = Debug|Win32
		{1E3BC0CC-4483-4E88-BCEA-061529ADE287}.Release|x64.ActiveCfg = Release|x64
		{1E3BC0CC-4483-4E88-BCEA-061529ADE287}.Release|x64.Build.0 = Release|x64
		{1E3BC0CC-4483-4E88-BCEA-061529ADE287}.Release|x86.ActiveCfg = Release|Win32
		{1E3BC0CC-4483-4E88-BCEA-061529ADE287}.Release|x86.Build.0 = Release|Win32
	EndGlobalSection
	GlobalSection(SolutionProperties) = preSolution
		HideSolutionNode = FALSE
	EndGlobalSection
	GlobalSection(ExtensibilityGlobals) = postSolution
		SolutionGuid = {1AEEF92D-94AB-4F17-8CCF-2AE62CD99802}
	EndGlobalSection
EndGlobal
